
Microsoft Visual Studio Solution File, Format Version 12.00
# Visual Studio 15
VisualStudioVersion = 15.0.27004.2005
MinimumVisualStudioVersion = 10.0.40219.1
Project("{FAE04EC0-301F-11D3-BF4B-00C04F79EFBC}") = "AirMonit_DU", "AirMonit_DU\AirMonit_DU.csproj", "{C78CC864-4967-449C-83FB-72D2EF808A52}"
EndProject
Project("{FAE04EC0-301F-11D3-BF4B-00C04F79EFBC}") = "AirMonit_Alarm", "AirMonit_Alarm\AirMonit_Alarm.csproj", "{154BB322-EFBA-489F-98A8-BF0DD1FCB8B0}"
EndProject
Project("{FAE04EC0-301F-11D3-BF4B-00C04F79EFBC}") = "AirMonit_Admin", "AirMonit_Admin\AirMonit_Admin.csproj", "{6FA548D9-0DD9-4FA9-BBC7-B0113D1D3983}"
EndProject
Project("{FAE04EC0-301F-11D3-BF4B-00C04F79EFBC}") = "AirMonitD_Log", "AirMonitD_Log\AirMonitD_Log.csproj", "{1C9CADC2-1AB3-4E84-879C-63F8BC2EF9A5}"
EndProject
Global
	GlobalSection(SolutionConfigurationPlatforms) = preSolution
		Debug|Any CPU = Debug|Any CPU
		Release|Any CPU = Release|Any CPU
	EndGlobalSection
	GlobalSection(ProjectConfigurationPlatforms) = postSolution
		{C78CC864-4967-449C-83FB-72D2EF808A52}.Debug|Any CPU.ActiveCfg = Debug|Any CPU
		{C78CC864-4967-449C-83FB-72D2EF808A52}.Debug|Any CPU.Build.0 = Debug|Any CPU
		{C78CC864-4967-449C-83FB-72D2EF808A52}.Release|Any CPU.ActiveCfg = Release|Any CPU
		{C78CC864-4967-449C-83FB-72D2EF808A52}.Release|Any CPU.Build.0 = Release|Any CPU
		{154BB322-EFBA-489F-98A8-BF0DD1FCB8B0}.Debug|Any CPU.ActiveCfg = Debug|Any CPU
		{154BB322-EFBA-489F-98A8-BF0DD1FCB8B0}.Debug|Any CPU.Build.0 = Debug|Any CPU
		{154BB322-EFBA-489F-98A8-BF0DD1FCB8B0}.Release|Any CPU.ActiveCfg = Release|Any CPU
		{154BB322-EFBA-489F-98A8-BF0DD1FCB8B0}.Release|Any CPU.Build.0 = Release|Any CPU
		{6FA548D9-0DD9-4FA9-BBC7-B0113D1D3983}.Debug|Any CPU.ActiveCfg = Debug|Any CPU
		{6FA548D9-0DD9-4FA9-BBC7-B0113D1D3983}.Debug|Any CPU.Build.0 = Debug|Any CPU
		{6FA548D9-0DD9-4FA9-BBC7-B0113D1D3983}.Release|Any CPU.ActiveCfg = Release|Any CPU
		{6FA548D9-0DD9-4FA9-BBC7-B0113D1D3983}.Release|Any CPU.Build.0 = Release|Any CPU
		{1C9CADC2-1AB3-4E84-879C-63F8BC2EF9A5}.Debug|Any CPU.ActiveCfg = Debug|Any CPU
		{1C9CADC2-1AB3-4E84-879C-63F8BC2EF9A5}.Debug|Any CPU.Build.0 = Debug|Any CPU
		{1C9CADC2-1AB3-4E84-879C-63F8BC2EF9A5}.Release|Any CPU.ActiveCfg = Release|Any CPU
		{1C9CADC2-1AB3-4E84-879C-63F8BC2EF9A5}.Release|Any CPU.Build.0 = Release|Any CPU
	EndGlobalSection
	GlobalSection(SolutionProperties) = preSolution
		HideSolutionNode = FALSE
	EndGlobalSection
	GlobalSection(ExtensibilityGlobals) = postSolution
		SolutionGuid = {2AE32D09-A52E-4910-9D39-580EA65FA17B}
	EndGlobalSection
EndGlobal
